// !$*UTF8*$!
{
	archiveVersion = 1;
	classes = {
	};
	objectVersion = 46;
	objects = {

/* Begin PBXBuildFile section */
		7C18C5E1E384DF24BE83E7D7 /* Pods_ATMDemo.framework in Frameworks */ = {isa = PBXBuildFile; fileRef = 52E57F446A9ECB801A543EA4 /* Pods_ATMDemo.framework */; };
		823817991D2367BE005FB1AB /* AppDelegate.swift in Sources */ = {isa = PBXBuildFile; fileRef = 823817981D2367BE005FB1AB /* AppDelegate.swift */; };
		823817A01D2367BE005FB1AB /* Assets.xcassets in Resources */ = {isa = PBXBuildFile; fileRef = 8238179F1D2367BE005FB1AB /* Assets.xcassets */; };
		823817A31D2367BE005FB1AB /* LaunchScreen.storyboard in Resources */ = {isa = PBXBuildFile; fileRef = 823817A11D2367BE005FB1AB /* LaunchScreen.storyboard */; };
		823817B41D236D3A005FB1AB /* HomeViewController.swift in Sources */ = {isa = PBXBuildFile; fileRef = 823817B21D236D3A005FB1AB /* HomeViewController.swift */; };
		823817B51D236D3A005FB1AB /* HomeViewController.xib in Resources */ = {isa = PBXBuildFile; fileRef = 823817B31D236D3A005FB1AB /* HomeViewController.xib */; };
		823817B71D236F3C005FB1AB /* User.swift in Sources */ = {isa = PBXBuildFile; fileRef = 823817B61D236F3C005FB1AB /* User.swift */; };
		823817B91D23737E005FB1AB /* Account.swift in Sources */ = {isa = PBXBuildFile; fileRef = 823817B81D23737E005FB1AB /* Account.swift */; };
		823817C11D237DFB005FB1AB /* RegisterViewController.swift in Sources */ = {isa = PBXBuildFile; fileRef = 823817BF1D237DFB005FB1AB /* RegisterViewController.swift */; };
		823817C21D237DFB005FB1AB /* RegisterViewController.xib in Resources */ = {isa = PBXBuildFile; fileRef = 823817C01D237DFB005FB1AB /* RegisterViewController.xib */; };
		823817C51D23891E005FB1AB /* AppDefine.swift in Sources */ = {isa = PBXBuildFile; fileRef = 823817C41D23891E005FB1AB /* AppDefine.swift */; };
		823817CE1D23939B005FB1AB /* CBAlertView.swift in Sources */ = {isa = PBXBuildFile; fileRef = 823817CD1D23939B005FB1AB /* CBAlertView.swift */; };
		823817D01D2393E2005FB1AB /* UIColor+Extension.swift in Sources */ = {isa = PBXBuildFile; fileRef = 823817CF1D2393E2005FB1AB /* UIColor+Extension.swift */; };
		823817D21D239404005FB1AB /* UIFont+Extension.swift in Sources */ = {isa = PBXBuildFile; fileRef = 823817D11D239404005FB1AB /* UIFont+Extension.swift */; };
		823817D41D23A84E005FB1AB /* String.swift in Sources */ = {isa = PBXBuildFile; fileRef = 823817D31D23A84E005FB1AB /* String.swift */; };
		823817D61D23A936005FB1AB /* UITextFiled+Extension.swift in Sources */ = {isa = PBXBuildFile; fileRef = 823817D51D23A936005FB1AB /* UITextFiled+Extension.swift */; };
		823817DF1D23BEE8005FB1AB /* CardDetailView.swift in Sources */ = {isa = PBXBuildFile; fileRef = 823817DE1D23BEE8005FB1AB /* CardDetailView.swift */; };
		823817E11D23BEFB005FB1AB /* CardDetailView.xib in Resources */ = {isa = PBXBuildFile; fileRef = 823817E01D23BEFB005FB1AB /* CardDetailView.xib */; };
		823817E31D23C3FE005FB1AB /* UIView+Extension.swift in Sources */ = {isa = PBXBuildFile; fileRef = 823817E21D23C3FE005FB1AB /* UIView+Extension.swift */; };
		823817E61D23CE05005FB1AB /* GetMoneyViewController.swift in Sources */ = {isa = PBXBuildFile; fileRef = 823817E41D23CE05005FB1AB /* GetMoneyViewController.swift */; };
		823817E71D23CE05005FB1AB /* GetMoneyViewController.xib in Resources */ = {isa = PBXBuildFile; fileRef = 823817E51D23CE05005FB1AB /* GetMoneyViewController.xib */; };
		823817EE1D23CEC0005FB1AB /* SendMoneyViewController.swift in Sources */ = {isa = PBXBuildFile; fileRef = 823817EC1D23CEC0005FB1AB /* SendMoneyViewController.swift */; };
		823817EF1D23CEC0005FB1AB /* SendMoneyViewController.xib in Resources */ = {isa = PBXBuildFile; fileRef = 823817ED1D23CEC0005FB1AB /* SendMoneyViewController.xib */; };
		823817F11D23CF57005FB1AB /* ATM.swift in Sources */ = {isa = PBXBuildFile; fileRef = 823817F01D23CF57005FB1AB /* ATM.swift */; };
		823817F91D23D3C0005FB1AB /* CheckPassViewController.swift in Sources */ = {isa = PBXBuildFile; fileRef = 823817F71D23D3C0005FB1AB /* CheckPassViewController.swift */; };
		823817FA1D23D3C0005FB1AB /* CheckPassViewController.xib in Resources */ = {isa = PBXBuildFile; fileRef = 823817F81D23D3C0005FB1AB /* CheckPassViewController.xib */; };
		825B5B041D24D1CD0014BB70 /* BillView.swift in Sources */ = {isa = PBXBuildFile; fileRef = 825B5B031D24D1CD0014BB70 /* BillView.swift */; };
		825B5B061D24D1E50014BB70 /* BillView.xib in Resources */ = {isa = PBXBuildFile; fileRef = 825B5B051D24D1E50014BB70 /* BillView.xib */; };
		825B5B081D24D8590014BB70 /* History.swift in Sources */ = {isa = PBXBuildFile; fileRef = 825B5B071D24D8590014BB70 /* History.swift */; };
		825B5B111D24DC510014BB70 /* HistoryCell.swift in Sources */ = {isa = PBXBuildFile; fileRef = 825B5B0F1D24DC510014BB70 /* HistoryCell.swift */; };
		825B5B121D24DC510014BB70 /* HistoryCell.xib in Resources */ = {isa = PBXBuildFile; fileRef = 825B5B101D24DC510014BB70 /* HistoryCell.xib */; };
		825B5B151D24E1B10014BB70 /* HistoryViewController.swift in Sources */ = {isa = PBXBuildFile; fileRef = 825B5B131D24E1B10014BB70 /* HistoryViewController.swift */; };
		825B5B161D24E1B10014BB70 /* HistoryViewController.xib in Resources */ = {isa = PBXBuildFile; fileRef = 825B5B141D24E1B10014BB70 /* HistoryViewController.xib */; };
		825B5B181D24F6100014BB70 /* UITableView+Extension.swift in Sources */ = {isa = PBXBuildFile; fileRef = 825B5B171D24F6100014BB70 /* UITableView+Extension.swift */; };
		825B5B1B1D2501750014BB70 /* HistoryBill.swift in Sources */ = {isa = PBXBuildFile; fileRef = 825B5B1A1D2501750014BB70 /* HistoryBill.swift */; };
		825B5B1D1D2501840014BB70 /* HistoryBill.xib in Resources */ = {isa = PBXBuildFile; fileRef = 825B5B1C1D2501840014BB70 /* HistoryBill.xib */; };
		8284C9C71D263290006B9E34 /* ShowMoneyView.swift in Sources */ = {isa = PBXBuildFile; fileRef = 8284C9C61D263290006B9E34 /* ShowMoneyView.swift */; };
		8284C9C91D2632B4006B9E34 /* ShowMoneyView.xib in Resources */ = {isa = PBXBuildFile; fileRef = 8284C9C81D2632B4006B9E34 /* ShowMoneyView.xib */; };
		8284C9CB1D264792006B9E34 /* NSDate.swift in Sources */ = {isa = PBXBuildFile; fileRef = 8284C9CA1D264792006B9E34 /* NSDate.swift */; };
		8284C9CF1D2689AB006B9E34 /* GetMoneyViewControllerExtension.swift in Sources */ = {isa = PBXBuildFile; fileRef = 8284C9CE1D2689AB006B9E34 /* GetMoneyViewControllerExtension.swift */; };
/* End PBXBuildFile section */

/* Begin PBXFileReference section */
		52E57F446A9ECB801A543EA4 /* Pods_ATMDemo.framework */ = {isa = PBXFileReference; explicitFileType = wrapper.framework; includeInIndex = 0; path = Pods_ATMDemo.framework; sourceTree = BUILT_PRODUCTS_DIR; };
		823817951D2367BE005FB1AB /* ATMDemo.app */ = {isa = PBXFileReference; explicitFileType = wrapper.application; includeInIndex = 0; path = ATMDemo.app; sourceTree = BUILT_PRODUCTS_DIR; };
		823817981D2367BE005FB1AB /* AppDelegate.swift */ = {isa = PBXFileReference; lastKnownFileType = sourcecode.swift; path = AppDelegate.swift; sourceTree = "<group>"; };
		8238179F1D2367BE005FB1AB /* Assets.xcassets */ = {isa = PBXFileReference; lastKnownFileType = folder.assetcatalog; path = Assets.xcassets; sourceTree = "<group>"; };
		823817A21D2367BE005FB1AB /* Base */ = {isa = PBXFileReference; lastKnownFileType = file.storyboard; name = Base; path = Base.lproj/LaunchScreen.storyboard; sourceTree = "<group>"; };
		823817A41D2367BE005FB1AB /* Info.plist */ = {isa = PBXFileReference; lastKnownFileType = text.plist.xml; path = Info.plist; sourceTree = "<group>"; };
		823817B21D236D3A005FB1AB /* HomeViewController.swift */ = {isa = PBXFileReference; fileEncoding = 4; lastKnownFileType = sourcecode.swift; path = HomeViewController.swift; sourceTree = "<group>"; };
		823817B31D236D3A005FB1AB /* HomeViewController.xib */ = {isa = PBXFileReference; fileEncoding = 4; lastKnownFileType = file.xib; path = HomeViewController.xib; sourceTree = "<group>"; };
		823817B61D236F3C005FB1AB /* User.swift */ = {isa = PBXFileReference; fileEncoding = 4; lastKnownFileType = sourcecode.swift; path = User.swift; sourceTree = "<group>"; };
		823817B81D23737E005FB1AB /* Account.swift */ = {isa = PBXFileReference; fileEncoding = 4; lastKnownFileType = sourcecode.swift; path = Account.swift; sourceTree = "<group>"; };
		823817BF1D237DFB005FB1AB /* RegisterViewController.swift */ = {isa = PBXFileReference; fileEncoding = 4; lastKnownFileType = sourcecode.swift; path = RegisterViewController.swift; sourceTree = "<group>"; };
		823817C01D237DFB005FB1AB /* RegisterViewController.xib */ = {isa = PBXFileReference; fileEncoding = 4; lastKnownFileType = file.xib; path = RegisterViewController.xib; sourceTree = "<group>"; };
		823817C41D23891E005FB1AB /* AppDefine.swift */ = {isa = PBXFileReference; fileEncoding = 4; lastKnownFileType = sourcecode.swift; path = AppDefine.swift; sourceTree = "<group>"; };
		823817CD1D23939B005FB1AB /* CBAlertView.swift */ = {isa = PBXFileReference; fileEncoding = 4; lastKnownFileType = sourcecode.swift; path = CBAlertView.swift; sourceTree = "<group>"; };
		823817CF1D2393E2005FB1AB /* UIColor+Extension.swift */ = {isa = PBXFileReference; fileEncoding = 4; lastKnownFileType = sourcecode.swift; path = "UIColor+Extension.swift"; sourceTree = "<group>"; };
		823817D11D239404005FB1AB /* UIFont+Extension.swift */ = {isa = PBXFileReference; fileEncoding = 4; lastKnownFileType = sourcecode.swift; path = "UIFont+Extension.swift"; sourceTree = "<group>"; };
		823817D31D23A84E005FB1AB /* String.swift */ = {isa = PBXFileReference; fileEncoding = 4; lastKnownFileType = sourcecode.swift; path = String.swift; sourceTree = "<group>"; };
		823817D51D23A936005FB1AB /* UITextFiled+Extension.swift */ = {isa = PBXFileReference; fileEncoding = 4; lastKnownFileType = sourcecode.swift; path = "UITextFiled+Extension.swift"; sourceTree = "<group>"; };
		823817DE1D23BEE8005FB1AB /* CardDetailView.swift */ = {isa = PBXFileReference; fileEncoding = 4; lastKnownFileType = sourcecode.swift; path = CardDetailView.swift; sourceTree = "<group>"; };
		823817E01D23BEFB005FB1AB /* CardDetailView.xib */ = {isa = PBXFileReference; fileEncoding = 4; lastKnownFileType = file.xib; path = CardDetailView.xib; sourceTree = "<group>"; };
		823817E21D23C3FE005FB1AB /* UIView+Extension.swift */ = {isa = PBXFileReference; fileEncoding = 4; lastKnownFileType = sourcecode.swift; path = "UIView+Extension.swift"; sourceTree = "<group>"; };
		823817E41D23CE05005FB1AB /* GetMoneyViewController.swift */ = {isa = PBXFileReference; fileEncoding = 4; lastKnownFileType = sourcecode.swift; path = GetMoneyViewController.swift; sourceTree = "<group>"; };
		823817E51D23CE05005FB1AB /* GetMoneyViewController.xib */ = {isa = PBXFileReference; fileEncoding = 4; lastKnownFileType = file.xib; path = GetMoneyViewController.xib; sourceTree = "<group>"; };
		823817EC1D23CEC0005FB1AB /* SendMoneyViewController.swift */ = {isa = PBXFileReference; fileEncoding = 4; lastKnownFileType = sourcecode.swift; path = SendMoneyViewController.swift; sourceTree = "<group>"; };
		823817ED1D23CEC0005FB1AB /* SendMoneyViewController.xib */ = {isa = PBXFileReference; fileEncoding = 4; lastKnownFileType = file.xib; path = SendMoneyViewController.xib; sourceTree = "<group>"; };
		823817F01D23CF57005FB1AB /* ATM.swift */ = {isa = PBXFileReference; fileEncoding = 4; lastKnownFileType = sourcecode.swift; path = ATM.swift; sourceTree = "<group>"; };
		823817F71D23D3C0005FB1AB /* CheckPassViewController.swift */ = {isa = PBXFileReference; fileEncoding = 4; lastKnownFileType = sourcecode.swift; path = CheckPassViewController.swift; sourceTree = "<group>"; };
		823817F81D23D3C0005FB1AB /* CheckPassViewController.xib */ = {isa = PBXFileReference; fileEncoding = 4; lastKnownFileType = file.xib; path = CheckPassViewController.xib; sourceTree = "<group>"; };
		825B5B031D24D1CD0014BB70 /* BillView.swift */ = {isa = PBXFileReference; fileEncoding = 4; lastKnownFileType = sourcecode.swift; path = BillView.swift; sourceTree = "<group>"; };
		825B5B051D24D1E50014BB70 /* BillView.xib */ = {isa = PBXFileReference; fileEncoding = 4; lastKnownFileType = file.xib; path = BillView.xib; sourceTree = "<group>"; };
		825B5B071D24D8590014BB70 /* History.swift */ = {isa = PBXFileReference; fileEncoding = 4; lastKnownFileType = sourcecode.swift; path = History.swift; sourceTree = "<group>"; };
		825B5B0F1D24DC510014BB70 /* HistoryCell.swift */ = {isa = PBXFileReference; fileEncoding = 4; lastKnownFileType = sourcecode.swift; path = HistoryCell.swift; sourceTree = "<group>"; };
		825B5B101D24DC510014BB70 /* HistoryCell.xib */ = {isa = PBXFileReference; fileEncoding = 4; lastKnownFileType = file.xib; path = HistoryCell.xib; sourceTree = "<group>"; };
		825B5B131D24E1B10014BB70 /* HistoryViewController.swift */ = {isa = PBXFileReference; fileEncoding = 4; lastKnownFileType = sourcecode.swift; path = HistoryViewController.swift; sourceTree = "<group>"; };
		825B5B141D24E1B10014BB70 /* HistoryViewController.xib */ = {isa = PBXFileReference; fileEncoding = 4; lastKnownFileType = file.xib; path = HistoryViewController.xib; sourceTree = "<group>"; };
		825B5B171D24F6100014BB70 /* UITableView+Extension.swift */ = {isa = PBXFileReference; fileEncoding = 4; lastKnownFileType = sourcecode.swift; path = "UITableView+Extension.swift"; sourceTree = "<group>"; };
		825B5B1A1D2501750014BB70 /* HistoryBill.swift */ = {isa = PBXFileReference; fileEncoding = 4; lastKnownFileType = sourcecode.swift; path = HistoryBill.swift; sourceTree = "<group>"; };
		825B5B1C1D2501840014BB70 /* HistoryBill.xib */ = {isa = PBXFileReference; fileEncoding = 4; lastKnownFileType = file.xib; path = HistoryBill.xib; sourceTree = "<group>"; };
		8284C9C61D263290006B9E34 /* ShowMoneyView.swift */ = {isa = PBXFileReference; fileEncoding = 4; lastKnownFileType = sourcecode.swift; path = ShowMoneyView.swift; sourceTree = "<group>"; };
		8284C9C81D2632B4006B9E34 /* ShowMoneyView.xib */ = {isa = PBXFileReference; fileEncoding = 4; lastKnownFileType = file.xib; path = ShowMoneyView.xib; sourceTree = "<group>"; };
		8284C9CA1D264792006B9E34 /* NSDate.swift */ = {isa = PBXFileReference; fileEncoding = 4; lastKnownFileType = sourcecode.swift; path = NSDate.swift; sourceTree = "<group>"; };
		8284C9CE1D2689AB006B9E34 /* GetMoneyViewControllerExtension.swift */ = {isa = PBXFileReference; fileEncoding = 4; lastKnownFileType = sourcecode.swift; path = GetMoneyViewControllerExtension.swift; sourceTree = "<group>"; };
		B8FDE9BD91688A511BC3C9A9 /* Pods-ATMDemo.debug.xcconfig */ = {isa = PBXFileReference; includeInIndex = 1; lastKnownFileType = text.xcconfig; name = "Pods-ATMDemo.debug.xcconfig"; path = "Pods/Target Support Files/Pods-ATMDemo/Pods-ATMDemo.debug.xcconfig"; sourceTree = "<group>"; };
		EA6D400D83E1E3E70DCBC87E /* Pods-ATMDemo.release.xcconfig */ = {isa = PBXFileReference; includeInIndex = 1; lastKnownFileType = text.xcconfig; name = "Pods-ATMDemo.release.xcconfig"; path = "Pods/Target Support Files/Pods-ATMDemo/Pods-ATMDemo.release.xcconfig"; sourceTree = "<group>"; };
/* End PBXFileReference section */

/* Begin PBXFrameworksBuildPhase section */
		823817921D2367BE005FB1AB /* Frameworks */ = {
			isa = PBXFrameworksBuildPhase;
			buildActionMask = 2147483647;
			files = (
				7C18C5E1E384DF24BE83E7D7 /* Pods_ATMDemo.framework in Frameworks */,
			);
			runOnlyForDeploymentPostprocessing = 0;
		};
/* End PBXFrameworksBuildPhase section */

/* Begin PBXGroup section */
		22CAB2308D54FB6496C047EE /* Pods */ = {
			isa = PBXGroup;
			children = (
				B8FDE9BD91688A511BC3C9A9 /* Pods-ATMDemo.debug.xcconfig */,
				EA6D400D83E1E3E70DCBC87E /* Pods-ATMDemo.release.xcconfig */,
			);
			name = Pods;
			sourceTree = "<group>";
		};
		8238178C1D2367BE005FB1AB = {
			isa = PBXGroup;
			children = (
				823817971D2367BE005FB1AB /* ATMDemo */,
				823817961D2367BE005FB1AB /* Products */,
				22CAB2308D54FB6496C047EE /* Pods */,
				ADE6051A6EE882C6A19CB11F /* Frameworks */,
			);
			sourceTree = "<group>";
		};
		823817961D2367BE005FB1AB /* Products */ = {
			isa = PBXGroup;
			children = (
				823817951D2367BE005FB1AB /* ATMDemo.app */,
			);
			name = Products;
			sourceTree = "<group>";
		};
		823817971D2367BE005FB1AB /* ATMDemo */ = {
			isa = PBXGroup;
			children = (
				823817981D2367BE005FB1AB /* AppDelegate.swift */,
				8238179F1D2367BE005FB1AB /* Assets.xcassets */,
				823817A11D2367BE005FB1AB /* LaunchScreen.storyboard */,
				823817A41D2367BE005FB1AB /* Info.plist */,
				823817DC1D23BEA5005FB1AB /* View */,
				823817CB1D23939B005FB1AB /* Library */,
				823817C31D238901005FB1AB /* Extension */,
				823817AE1D236D3A005FB1AB /* Model */,
				823817B01D236D3A005FB1AB /* ViewController */,
			);
			path = ATMDemo;
			sourceTree = "<group>";
		};
		823817AE1D236D3A005FB1AB /* Model */ = {
			isa = PBXGroup;
			children = (
				823817AF1D236D3A005FB1AB /* Object */,
			);
			path = Model;
			sourceTree = "<group>";
		};
		823817AF1D236D3A005FB1AB /* Object */ = {
			isa = PBXGroup;
			children = (
				823817B61D236F3C005FB1AB /* User.swift */,
				823817B81D23737E005FB1AB /* Account.swift */,
				823817F01D23CF57005FB1AB /* ATM.swift */,
				825B5B071D24D8590014BB70 /* History.swift */,
			);
			path = Object;
			sourceTree = "<group>";
		};
		823817B01D236D3A005FB1AB /* ViewController */ = {
			isa = PBXGroup;
			children = (
				823817F61D23D3C0005FB1AB /* CheckPassViewController */,
				823817BA1D237DD4005FB1AB /* HistoryViewController */,
				823817BB1D237DD4005FB1AB /* RegisterViewController */,
				823817BC1D237DD4005FB1AB /* Transaction */,
				823817B11D236D3A005FB1AB /* HomeViewController */,
			);
			path = ViewController;
			sourceTree = "<group>";
		};
		823817B11D236D3A005FB1AB /* HomeViewController */ = {
			isa = PBXGroup;
			children = (
				823817B21D236D3A005FB1AB /* HomeViewController.swift */,
				823817B31D236D3A005FB1AB /* HomeViewController.xib */,
			);
			path = HomeViewController;
			sourceTree = "<group>";
		};
		823817BA1D237DD4005FB1AB /* HistoryViewController */ = {
			isa = PBXGroup;
			children = (
				825B5B131D24E1B10014BB70 /* HistoryViewController.swift */,
				825B5B141D24E1B10014BB70 /* HistoryViewController.xib */,
			);
			path = HistoryViewController;
			sourceTree = "<group>";
		};
		823817BB1D237DD4005FB1AB /* RegisterViewController */ = {
			isa = PBXGroup;
			children = (
				823817BF1D237DFB005FB1AB /* RegisterViewController.swift */,
				823817C01D237DFB005FB1AB /* RegisterViewController.xib */,
			);
			path = RegisterViewController;
			sourceTree = "<group>";
		};
		823817BC1D237DD4005FB1AB /* Transaction */ = {
			isa = PBXGroup;
			children = (
				823817BD1D237DD4005FB1AB /* GetMoneyViewController */,
				823817BE1D237DD4005FB1AB /* SendMoveyViewController */,
			);
			path = Transaction;
			sourceTree = "<group>";
		};
		823817BD1D237DD4005FB1AB /* GetMoneyViewController */ = {
			isa = PBXGroup;
			children = (
				823817E41D23CE05005FB1AB /* GetMoneyViewController.swift */,
				823817E51D23CE05005FB1AB /* GetMoneyViewController.xib */,
				8284C9CE1D2689AB006B9E34 /* GetMoneyViewControllerExtension.swift */,
			);
			path = GetMoneyViewController;
			sourceTree = "<group>";
		};
		823817BE1D237DD4005FB1AB /* SendMoveyViewController */ = {
			isa = PBXGroup;
			children = (
				823817EC1D23CEC0005FB1AB /* SendMoneyViewController.swift */,
				823817ED1D23CEC0005FB1AB /* SendMoneyViewController.xib */,
			);
			path = SendMoveyViewController;
			sourceTree = "<group>";
		};
		823817C31D238901005FB1AB /* Extension */ = {
			isa = PBXGroup;
			children = (
				8284C9CA1D264792006B9E34 /* NSDate.swift */,
				825B5B171D24F6100014BB70 /* UITableView+Extension.swift */,
				823817E21D23C3FE005FB1AB /* UIView+Extension.swift */,
				823817D51D23A936005FB1AB /* UITextFiled+Extension.swift */,
				823817D31D23A84E005FB1AB /* String.swift */,
				823817D11D239404005FB1AB /* UIFont+Extension.swift */,
				823817CF1D2393E2005FB1AB /* UIColor+Extension.swift */,
				823817C41D23891E005FB1AB /* AppDefine.swift */,
			);
			path = Extension;
			sourceTree = "<group>";
		};
		823817CB1D23939B005FB1AB /* Library */ = {
			isa = PBXGroup;
			children = (
				823817CC1D23939B005FB1AB /* AlertView */,
			);
			path = Library;
			sourceTree = "<group>";
		};
		823817CC1D23939B005FB1AB /* AlertView */ = {
			isa = PBXGroup;
			children = (
				823817CD1D23939B005FB1AB /* CBAlertView.swift */,
			);
			path = AlertView;
			sourceTree = "<group>";
		};
		823817DC1D23BEA5005FB1AB /* View */ = {
			isa = PBXGroup;
			children = (
				8284C9C51D26327B006B9E34 /* ShowMoneyView */,
				825B5B0D1D24DC340014BB70 /* HistoryView */,
				825B5B021D24D1B60014BB70 /* BillView */,
				823817DD1D23BED5005FB1AB /* CardDetailView */,
			);
			path = View;
			sourceTree = "<group>";
		};
		823817DD1D23BED5005FB1AB /* CardDetailView */ = {
			isa = PBXGroup;
			children = (
				823817DE1D23BEE8005FB1AB /* CardDetailView.swift */,
				823817E01D23BEFB005FB1AB /* CardDetailView.xib */,
			);
			path = CardDetailView;
			sourceTree = "<group>";
		};
		823817F61D23D3C0005FB1AB /* CheckPassViewController */ = {
			isa = PBXGroup;
			children = (
				823817F71D23D3C0005FB1AB /* CheckPassViewController.swift */,
				823817F81D23D3C0005FB1AB /* CheckPassViewController.xib */,
			);
			path = CheckPassViewController;
			sourceTree = "<group>";
		};
		825B5B021D24D1B60014BB70 /* BillView */ = {
			isa = PBXGroup;
			children = (
				825B5B031D24D1CD0014BB70 /* BillView.swift */,
				825B5B051D24D1E50014BB70 /* BillView.xib */,
			);
			path = BillView;
			sourceTree = "<group>";
		};
		825B5B0D1D24DC340014BB70 /* HistoryView */ = {
			isa = PBXGroup;
			children = (
				825B5B191D2501600014BB70 /* HistoryBill */,
				825B5B0E1D24DC340014BB70 /* HistoryCell */,
			);
			path = HistoryView;
			sourceTree = "<group>";
		};
		825B5B0E1D24DC340014BB70 /* HistoryCell */ = {
			isa = PBXGroup;
			children = (
				825B5B0F1D24DC510014BB70 /* HistoryCell.swift */,
				825B5B101D24DC510014BB70 /* HistoryCell.xib */,
			);
			path = HistoryCell;
			sourceTree = "<group>";
		};
		825B5B191D2501600014BB70 /* HistoryBill */ = {
			isa = PBXGroup;
			children = (
				825B5B1A1D2501750014BB70 /* HistoryBill.swift */,
				825B5B1C1D2501840014BB70 /* HistoryBill.xib */,
			);
			path = HistoryBill;
			sourceTree = "<group>";
		};
		8284C9C51D26327B006B9E34 /* ShowMoneyView */ = {
			isa = PBXGroup;
			children = (
				8284C9C61D263290006B9E34 /* ShowMoneyView.swift */,
				8284C9C81D2632B4006B9E34 /* ShowMoneyView.xib */,
			);
			path = ShowMoneyView;
			sourceTree = "<group>";
		};
		ADE6051A6EE882C6A19CB11F /* Frameworks */ = {
			isa = PBXGroup;
			children = (
				52E57F446A9ECB801A543EA4 /* Pods_ATMDemo.framework */,
			);
			name = Frameworks;
			sourceTree = "<group>";
		};
/* End PBXGroup section */

/* Begin PBXNativeTarget section */
		823817941D2367BE005FB1AB /* ATMDemo */ = {
			isa = PBXNativeTarget;
			buildConfigurationList = 823817A71D2367BE005FB1AB /* Build configuration list for PBXNativeTarget "ATMDemo" */;
			buildPhases = (
				0E51E7139BF29E102BE5AE32 /* [CP] Check Pods Manifest.lock */,
				823817911D2367BE005FB1AB /* Sources */,
				823817921D2367BE005FB1AB /* Frameworks */,
				823817931D2367BE005FB1AB /* Resources */,
				6994FDE8AC9EAB138F0F66BC /* [CP] Embed Pods Frameworks */,
				6623B0BA36C1F2D8F38A4A5B /* [CP] Copy Pods Resources */,
				8284C9CD1D267477006B9E34 /* Swift Lint */,
			);
			buildRules = (
			);
			dependencies = (
			);
			name = ATMDemo;
			productName = ATMDemo;
			productReference = 823817951D2367BE005FB1AB /* ATMDemo.app */;
			productType = "com.apple.product-type.application";
		};
/* End PBXNativeTarget section */

/* Begin PBXProject section */
		8238178D1D2367BE005FB1AB /* Project object */ = {
			isa = PBXProject;
			attributes = {
				LastSwiftUpdateCheck = 0730;
				LastUpgradeCheck = 0730;
				ORGANIZATIONNAME = AsianTech;
				TargetAttributes = {
					823817941D2367BE005FB1AB = {
						CreatedOnToolsVersion = 7.3;
					};
				};
			};
			buildConfigurationList = 823817901D2367BE005FB1AB /* Build configuration list for PBXProject "ATMDemo" */;
			compatibilityVersion = "Xcode 3.2";
			developmentRegion = English;
			hasScannedForEncodings = 0;
			knownRegions = (
				en,
				Base,
			);
			mainGroup = 8238178C1D2367BE005FB1AB;
			productRefGroup = 823817961D2367BE005FB1AB /* Products */;
			projectDirPath = "";
			projectRoot = "";
			targets = (
				823817941D2367BE005FB1AB /* ATMDemo */,
			);
		};
/* End PBXProject section */

/* Begin PBXResourcesBuildPhase section */
		823817931D2367BE005FB1AB /* Resources */ = {
			isa = PBXResourcesBuildPhase;
			buildActionMask = 2147483647;
			files = (
				823817FA1D23D3C0005FB1AB /* CheckPassViewController.xib in Resources */,
				825B5B1D1D2501840014BB70 /* HistoryBill.xib in Resources */,
				823817A31D2367BE005FB1AB /* LaunchScreen.storyboard in Resources */,
				8284C9C91D2632B4006B9E34 /* ShowMoneyView.xib in Resources */,
				823817A01D2367BE005FB1AB /* Assets.xcassets in Resources */,
				825B5B121D24DC510014BB70 /* HistoryCell.xib in Resources */,
				825B5B061D24D1E50014BB70 /* BillView.xib in Resources */,
				825B5B161D24E1B10014BB70 /* HistoryViewController.xib in Resources */,
				823817E71D23CE05005FB1AB /* GetMoneyViewController.xib in Resources */,
				823817E11D23BEFB005FB1AB /* CardDetailView.xib in Resources */,
				823817B51D236D3A005FB1AB /* HomeViewController.xib in Resources */,
				823817C21D237DFB005FB1AB /* RegisterViewController.xib in Resources */,
				823817EF1D23CEC0005FB1AB /* SendMoneyViewController.xib in Resources */,
			);
			runOnlyForDeploymentPostprocessing = 0;
		};
/* End PBXResourcesBuildPhase section */

/* Begin PBXShellScriptBuildPhase section */
		0E51E7139BF29E102BE5AE32 /* [CP] Check Pods Manifest.lock */ = {
			isa = PBXShellScriptBuildPhase;
			buildActionMask = 2147483647;
			files = (
			);
			inputPaths = (
			);
			name = "[CP] Check Pods Manifest.lock";
			outputPaths = (
			);
			runOnlyForDeploymentPostprocessing = 0;
			shellPath = /bin/sh;
			shellScript = "diff \"${PODS_ROOT}/../Podfile.lock\" \"${PODS_ROOT}/Manifest.lock\" > /dev/null\nif [[ $? != 0 ]] ; then\n    cat << EOM\nerror: The sandbox is not in sync with the Podfile.lock. Run 'pod install' or update your CocoaPods installation.\nEOM\n    exit 1\nfi\n";
			showEnvVarsInLog = 0;
		};
		6623B0BA36C1F2D8F38A4A5B /* [CP] Copy Pods Resources */ = {
			isa = PBXShellScriptBuildPhase;
			buildActionMask = 2147483647;
			files = (
			);
			inputPaths = (
			);
			name = "[CP] Copy Pods Resources";
			outputPaths = (
			);
			runOnlyForDeploymentPostprocessing = 0;
			shellPath = /bin/sh;
			shellScript = "\"${SRCROOT}/Pods/Target Support Files/Pods-ATMDemo/Pods-ATMDemo-resources.sh\"\n";
			showEnvVarsInLog = 0;
		};
		6994FDE8AC9EAB138F0F66BC /* [CP] Embed Pods Frameworks */ = {
			isa = PBXShellScriptBuildPhase;
			buildActionMask = 2147483647;
			files = (
			);
			inputPaths = (
			);
			name = "[CP] Embed Pods Frameworks";
			outputPaths = (
			);
			runOnlyForDeploymentPostprocessing = 0;
			shellPath = /bin/sh;
			shellScript = "\"${SRCROOT}/Pods/Target Support Files/Pods-ATMDemo/Pods-ATMDemo-frameworks.sh\"\n";
			showEnvVarsInLog = 0;
		};
		8284C9CD1D267477006B9E34 /* Swift Lint */ = {
			isa = PBXShellScriptBuildPhase;
			buildActionMask = 2147483647;
			files = (
			);
			inputPaths = (
			);
			name = "Swift Lint";
			outputPaths = (
			);
			runOnlyForDeploymentPostprocessing = 0;
			shellPath = /bin/sh;
			shellScript = "if which swiftlint >/dev/null; then\nswiftlint\nelse\necho \"SwiftLint does not exist, download from https://github.com/realm/SwiftLint\"\nfi";
		};
/* End PBXShellScriptBuildPhase section */

/* Begin PBXSourcesBuildPhase section */
		823817911D2367BE005FB1AB /* Sources */ = {
			isa = PBXSourcesBuildPhase;
			buildActionMask = 2147483647;
			files = (
				825B5B1B1D2501750014BB70 /* HistoryBill.swift in Sources */,
				823817CE1D23939B005FB1AB /* CBAlertView.swift in Sources */,
				823817E31D23C3FE005FB1AB /* UIView+Extension.swift in Sources */,
				825B5B081D24D8590014BB70 /* History.swift in Sources */,
				823817991D2367BE005FB1AB /* AppDelegate.swift in Sources */,
				823817EE1D23CEC0005FB1AB /* SendMoneyViewController.swift in Sources */,
				823817D41D23A84E005FB1AB /* String.swift in Sources */,
				823817F91D23D3C0005FB1AB /* CheckPassViewController.swift in Sources */,
				8284C9CF1D2689AB006B9E34 /* GetMoneyViewControllerExtension.swift in Sources */,
				823817DF1D23BEE8005FB1AB /* CardDetailView.swift in Sources */,
				823817F11D23CF57005FB1AB /* ATM.swift in Sources */,
				823817C11D237DFB005FB1AB /* RegisterViewController.swift in Sources */,
				823817C51D23891E005FB1AB /* AppDefine.swift in Sources */,
				825B5B181D24F6100014BB70 /* UITableView+Extension.swift in Sources */,
				823817B91D23737E005FB1AB /* Account.swift in Sources */,
				8284C9CB1D264792006B9E34 /* NSDate.swift in Sources */,
				825B5B151D24E1B10014BB70 /* HistoryViewController.swift in Sources */,
				823817E61D23CE05005FB1AB /* GetMoneyViewController.swift in Sources */,
				823817B41D236D3A005FB1AB /* HomeViewController.swift in Sources */,
				825B5B111D24DC510014BB70 /* HistoryCell.swift in Sources */,
				8284C9C71D263290006B9E34 /* ShowMoneyView.swift in Sources */,
				823817D21D239404005FB1AB /* UIFont+Extension.swift in Sources */,
				823817B71D236F3C005FB1AB /* User.swift in Sources */,
				823817D01D2393E2005FB1AB /* UIColor+Extension.swift in Sources */,
				823817D61D23A936005FB1AB /* UITextFiled+Extension.swift in Sources */,
				825B5B041D24D1CD0014BB70 /* BillView.swift in Sources */,
			);
			runOnlyForDeploymentPostprocessing = 0;
		};
/* End PBXSourcesBuildPhase section */

/* Begin PBXVariantGroup section */
		823817A11D2367BE005FB1AB /* LaunchScreen.storyboard */ = {
			isa = PBXVariantGroup;
			children = (
				823817A21D2367BE005FB1AB /* Base */,
			);
			name = LaunchScreen.storyboard;
			sourceTree = "<group>";
		};
/* End PBXVariantGroup section */

/* Begin XCBuildConfiguration section */
		823817A51D2367BE005FB1AB /* Debug */ = {
			isa = XCBuildConfiguration;
			buildSettings = {
				ALWAYS_SEARCH_USER_PATHS = NO;
				CLANG_ANALYZER_NONNULL = YES;
				CLANG_CXX_LANGUAGE_STANDARD = "gnu++0x";
				CLANG_CXX_LIBRARY = "libc++";
				CLANG_ENABLE_MODULES = YES;
				CLANG_ENABLE_OBJC_ARC = YES;
				CLANG_WARN_BOOL_CONVERSION = YES;
				CLANG_WARN_CONSTANT_CONVERSION = YES;
				CLANG_WARN_DIRECT_OBJC_ISA_USAGE = YES_ERROR;
				CLANG_WARN_EMPTY_BODY = YES;
				CLANG_WARN_ENUM_CONVERSION = YES;
				CLANG_WARN_INT_CONVERSION = YES;
				CLANG_WARN_OBJC_ROOT_CLASS = YES_ERROR;
				CLANG_WARN_UNREACHABLE_CODE = YES;
				CLANG_WARN__DUPLICATE_METHOD_MATCH = YES;
				"CODE_SIGN_IDENTITY[sdk=iphoneos*]" = "iPhone Developer";
				COPY_PHASE_STRIP = NO;
				DEBUG_INFORMATION_FORMAT = dwarf;
				ENABLE_STRICT_OBJC_MSGSEND = YES;
				ENABLE_TESTABILITY = YES;
				GCC_C_LANGUAGE_STANDARD = gnu99;
				GCC_DYNAMIC_NO_PIC = NO;
				GCC_NO_COMMON_BLOCKS = YES;
				GCC_OPTIMIZATION_LEVEL = 0;
				GCC_PREPROCESSOR_DEFINITIONS = (
					"DEBUG=1",
					"$(inherited)",
				);
				GCC_WARN_64_TO_32_BIT_CONVERSION = YES;
				GCC_WARN_ABOUT_RETURN_TYPE = YES_ERROR;
				GCC_WARN_UNDECLARED_SELECTOR = YES;
				GCC_WARN_UNINITIALIZED_AUTOS = YES_AGGRESSIVE;
				GCC_WARN_UNUSED_FUNCTION = YES;
				GCC_WARN_UNUSED_VARIABLE = YES;
				IPHONEOS_DEPLOYMENT_TARGET = 9.3;
				MTL_ENABLE_DEBUG_INFO = YES;
				ONLY_ACTIVE_ARCH = YES;
				SDKROOT = iphoneos;
				SWIFT_OPTIMIZATION_LEVEL = "-Onone";
			};
			name = Debug;
		};
		823817A61D2367BE005FB1AB /* Release */ = {
			isa = XCBuildConfiguration;
			buildSettings = {
				ALWAYS_SEARCH_USER_PATHS = NO;
				CLANG_ANALYZER_NONNULL = YES;
				CLANG_CXX_LANGUAGE_STANDARD = "gnu++0x";
				CLANG_CXX_LIBRARY = "libc++";
				CLANG_ENABLE_MODULES = YES;
				CLANG_ENABLE_OBJC_ARC = YES;
				CLANG_WARN_BOOL_CONVERSION = YES;
				CLANG_WARN_CONSTANT_CONVERSION = YES;
				CLANG_WARN_DIRECT_OBJC_ISA_USAGE = YES_ERROR;
				CLANG_WARN_EMPTY_BODY = YES;
				CLANG_WARN_ENUM_CONVERSION = YES;
				CLANG_WARN_INT_CONVERSION = YES;
				CLANG_WARN_OBJC_ROOT_CLASS = YES_ERROR;
				CLANG_WARN_UNREACHABLE_CODE = YES;
				CLANG_WARN__DUPLICATE_METHOD_MATCH = YES;
				"CODE_SIGN_IDENTITY[sdk=iphoneos*]" = "iPhone Developer";
				COPY_PHASE_STRIP = NO;
				DEBUG_INFORMATION_FORMAT = "dwarf-with-dsym";
				ENABLE_NS_ASSERTIONS = NO;
				ENABLE_STRICT_OBJC_MSGSEND = YES;
				GCC_C_LANGUAGE_STANDARD = gnu99;
				GCC_NO_COMMON_BLOCKS = YES;
				GCC_WARN_64_TO_32_BIT_CONVERSION = YES;
				GCC_WARN_ABOUT_RETURN_TYPE = YES_ERROR;
				GCC_WARN_UNDECLARED_SELECTOR = YES;
				GCC_WARN_UNINITIALIZED_AUTOS = YES_AGGRESSIVE;
				GCC_WARN_UNUSED_FUNCTION = YES;
				GCC_WARN_UNUSED_VARIABLE = YES;
				IPHONEOS_DEPLOYMENT_TARGET = 9.3;
				MTL_ENABLE_DEBUG_INFO = NO;
				SDKROOT = iphoneos;
				VALIDATE_PRODUCT = YES;
			};
			name = Release;
		};
		823817A81D2367BE005FB1AB /* Debug */ = {
			isa = XCBuildConfiguration;
			baseConfigurationReference = B8FDE9BD91688A511BC3C9A9 /* Pods-ATMDemo.debug.xcconfig */;
			buildSettings = {
				ASSETCATALOG_COMPILER_APPICON_NAME = AppIcon;
				INFOPLIST_FILE = ATMDemo/Info.plist;
				LD_RUNPATH_SEARCH_PATHS = "$(inherited) @executable_path/Frameworks";
				PRODUCT_BUNDLE_IDENTIFIER = thu.ATMDemo;
				PRODUCT_NAME = "$(TARGET_NAME)";
			};
			name = Debug;
		};
		823817A91D2367BE005FB1AB /* Release */ = {
			isa = XCBuildConfiguration;
			baseConfigurationReference = EA6D400D83E1E3E70DCBC87E /* Pods-ATMDemo.release.xcconfig */;
			buildSettings = {
				ASSETCATALOG_COMPILER_APPICON_NAME = AppIcon;
				INFOPLIST_FILE = ATMDemo/Info.plist;
				LD_RUNPATH_SEARCH_PATHS = "$(inherited) @executable_path/Frameworks";
				PRODUCT_BUNDLE_IDENTIFIER = thu.ATMDemo;
				PRODUCT_NAME = "$(TARGET_NAME)";
			};
			name = Release;
		};
/* End XCBuildConfiguration section */

/* Begin XCConfigurationList section */
		823817901D2367BE005FB1AB /* Build configuration list for PBXProject "ATMDemo" */ = {
			isa = XCConfigurationList;
			buildConfigurations = (
				823817A51D2367BE005FB1AB /* Debug */,
				823817A61D2367BE005FB1AB /* Release */,
			);
			defaultConfigurationIsVisible = 0;
			defaultConfigurationName = Release;
		};
		823817A71D2367BE005FB1AB /* Build configuration list for PBXNativeTarget "ATMDemo" */ = {
			isa = XCConfigurationList;
			buildConfigurations = (
				823817A81D2367BE005FB1AB /* Debug */,
				823817A91D2367BE005FB1AB /* Release */,
			);
			defaultConfigurationIsVisible = 0;
			defaultConfigurationName = Release;
		};
/* End XCConfigurationList section */
	};
	rootObject = 8238178D1D2367BE005FB1AB /* Project object */;
}
